
Microsoft Visual Studio Solution File, Format Version 12.00
# Visual Studio Version 17
VisualStudioVersion = 17.4.33205.214
MinimumVisualStudioVersion = 10.0.40219.1
Project("{FAE04EC0-301F-11D3-BF4B-00C04F79EFBC}") = "TarefasAPI_Dapper", "TarefasAPI_Dapper\TarefasAPI_Dapper.csproj", "{8DDF0CC2-EADE-4DA6-BA69-77ECF4A9E964}"
EndProject
Global
	GlobalSection(SolutionConfigurationPlatforms) = preSolution
		Debug|Any CPU = Debug|Any CPU
		Release|Any CPU = Release|Any CPU
	EndGlobalSection
	GlobalSection(ProjectConfigurationPlatforms) = postSolution
		{8DDF0CC2-EADE-4DA6-BA69-77ECF4A9E964}.Debug|Any CPU.ActiveCfg = Debug|Any CPU
		{8DDF0CC2-EADE-4DA6-BA69-77ECF4A9E964}.Debug|Any CPU.Build.0 = Debug|Any CPU
		{8DDF0CC2-EADE-4DA6-BA69-77ECF4A9E964}.Release|Any CPU.ActiveCfg = Release|Any CPU
		{8DDF0CC2-EADE-4DA6-BA69-77ECF4A9E964}.Release|Any CPU.Build.0 = Release|Any CPU
	EndGlobalSection
	GlobalSection(SolutionProperties) = preSolution
		HideSolutionNode = FALSE
	EndGlobalSection
	GlobalSection(ExtensibilityGlobals) = postSolution
		SolutionGuid = {689FF2B5-2215-4DB5-B457-EE38F5DED49E}
	EndGlobalSection
EndGlobal
